
Microsoft Visual Studio Solution File, Format Version 12.00
# Visual Studio Version 17
VisualStudioVersion = 17.0.31903.59
MinimumVisualStudioVersion = 10.0.40219.1
Project("{2150E333-8FDC-42A3-9474-1A3956D46DE8}") = "src", "src", "{AFA98D8A-E60D-4846-826B-47650BEEF2FC}"
EndProject
Project("{2150E333-8FDC-42A3-9474-1A3956D46DE8}") = "Api", "Api", "{9954A5F0-65F4-4F5A-AC8B-64FDA8CC109A}"
EndProject
Project("{FAE04EC0-301F-11D3-BF4B-00C04F79EFBC}") = "Syncify.Api", "src\Api\Syncify.Api\Syncify.Api.csproj", "{3CA50287-3320-4A18-981A-A9C393402F90}"
EndProject
Project("{2150E333-8FDC-42A3-9474-1A3956D46DE8}") = "Application", "Application", "{E72FF2CA-FF9D-4FB2-81D7-109EADB3380D}"
EndProject
Project("{FAE04EC0-301F-11D3-BF4B-00C04F79EFBC}") = "Syncify.Application", "src\Application\Syncify.Application\Syncify.Application.csproj", "{CE91C20C-DF43-4BBB-907D-A03671CB4026}"
EndProject
Project("{2150E333-8FDC-42A3-9474-1A3956D46DE8}") = "Domain", "Domain", "{820B4159-88FA-4074-B4B9-F02E37341149}"
EndProject
Project("{FAE04EC0-301F-11D3-BF4B-00C04F79EFBC}") = "Syncify.Domain", "src\Domain\Syncify.Domain\Syncify.Domain.csproj", "{A8628E46-7570-4150-AAD6-77204D026C5D}"
EndProject
Project("{2150E333-8FDC-42A3-9474-1A3956D46DE8}") = "Infrastructure", "Infrastructure", "{4F153C3F-8AF8-4622-A01A-B9AB4C4217C3}"
EndProject
Project("{FAE04EC0-301F-11D3-BF4B-00C04F79EFBC}") = "Syncify.Infrastructure", "src\Infrastructure\Syncify.Infrastructure\Syncify.Infrastructure.csproj", "{071E0A5B-E4FB-4A87-BAC0-9D9E5161E52E}"
EndProject
Project("{2150E333-8FDC-42A3-9474-1A3956D46DE8}") = "Shared", "Shared", "{887EBEB0-1ECF-4264-B018-2E141D4EC76E}"
EndProject
Project("{FAE04EC0-301F-11D3-BF4B-00C04F79EFBC}") = "Syncify.Shared", "src\Shared\Syncify.Shared\Syncify.Shared.csproj", "{8D1518D3-FD1F-4B6F-BFF0-783C9E80603F}"
EndProject
Global
	GlobalSection(SolutionConfigurationPlatforms) = preSolution
		Debug|Any CPU = Debug|Any CPU
		Release|Any CPU = Release|Any CPU
	EndGlobalSection
	GlobalSection(ProjectConfigurationPlatforms) = postSolution
		{3CA50287-3320-4A18-981A-A9C393402F90}.Debug|Any CPU.ActiveCfg = Debug|Any CPU
		{3CA50287-3320-4A18-981A-A9C393402F90}.Debug|Any CPU.Build.0 = Debug|Any CPU
		{3CA50287-3320-4A18-981A-A9C393402F90}.Release|Any CPU.ActiveCfg = Release|Any CPU
		{3CA50287-3320-4A18-981A-A9C393402F90}.Release|Any CPU.Build.0 = Release|Any CPU
		{CE91C20C-DF43-4BBB-907D-A03671CB4026}.Debug|Any CPU.ActiveCfg = Debug|Any CPU
		{CE91C20C-DF43-4BBB-907D-A03671CB4026}.Debug|Any CPU.Build.0 = Debug|Any CPU
		{CE91C20C-DF43-4BBB-907D-A03671CB4026}.Release|Any CPU.ActiveCfg = Release|Any CPU
		{CE91C20C-DF43-4BBB-907D-A03671CB4026}.Release|Any CPU.Build.0 = Release|Any CPU
		{A8628E46-7570-4150-AAD6-77204D026C5D}.Debug|Any CPU.ActiveCfg = Debug|Any CPU
		{A8628E46-7570-4150-AAD6-77204D026C5D}.Debug|Any CPU.Build.0 = Debug|Any CPU
		{A8628E46-7570-4150-AAD6-77204D026C5D}.Release|Any CPU.ActiveCfg = Release|Any CPU
		{A8628E46-7570-4150-AAD6-77204D026C5D}.Release|Any CPU.Build.0 = Release|Any CPU
		{071E0A5B-E4FB-4A87-BAC0-9D9E5161E52E}.Debug|Any CPU.ActiveCfg = Debug|Any CPU
		{071E0A5B-E4FB-4A87-BAC0-9D9E5161E52E}.Debug|Any CPU.Build.0 = Debug|Any CPU
		{071E0A5B-E4FB-4A87-BAC0-9D9E5161E52E}.Release|Any CPU.ActiveCfg = Release|Any CPU
		{071E0A5B-E4FB-4A87-BAC0-9D9E5161E52E}.Release|Any CPU.Build.0 = Release|Any CPU
		{8D1518D3-FD1F-4B6F-BFF0-783C9E80603F}.Debug|Any CPU.ActiveCfg = Debug|Any CPU
		{8D1518D3-FD1F-4B6F-BFF0-783C9E80603F}.Debug|Any CPU.Build.0 = Debug|Any CPU
		{8D1518D3-FD1F-4B6F-BFF0-783C9E80603F}.Release|Any CPU.ActiveCfg = Release|Any CPU
		{8D1518D3-FD1F-4B6F-BFF0-783C9E80603F}.Release|Any CPU.Build.0 = Release|Any CPU
	EndGlobalSection
	GlobalSection(SolutionProperties) = preSolution
		HideSolutionNode = FALSE
	EndGlobalSection
	GlobalSection(NestedProjects) = preSolution
		{9954A5F0-65F4-4F5A-AC8B-64FDA8CC109A} = {AFA98D8A-E60D-4846-826B-47650BEEF2FC}
		{3CA50287-3320-4A18-981A-A9C393402F90} = {9954A5F0-65F4-4F5A-AC8B-64FDA8CC109A}
		{E72FF2CA-FF9D-4FB2-81D7-109EADB3380D} = {AFA98D8A-E60D-4846-826B-47650BEEF2FC}
		{CE91C20C-DF43-4BBB-907D-A03671CB4026} = {E72FF2CA-FF9D-4FB2-81D7-109EADB3380D}
		{820B4159-88FA-4074-B4B9-F02E37341149} = {AFA98D8A-E60D-4846-826B-47650BEEF2FC}
		{A8628E46-7570-4150-AAD6-77204D026C5D} = {820B4159-88FA-4074-B4B9-F02E37341149}
		{4F153C3F-8AF8-4622-A01A-B9AB4C4217C3} = {AFA98D8A-E60D-4846-826B-47650BEEF2FC}
		{071E0A5B-E4FB-4A87-BAC0-9D9E5161E52E} = {4F153C3F-8AF8-4622-A01A-B9AB4C4217C3}
		{887EBEB0-1ECF-4264-B018-2E141D4EC76E} = {AFA98D8A-E60D-4846-826B-47650BEEF2FC}
		{8D1518D3-FD1F-4B6F-BFF0-783C9E80603F} = {887EBEB0-1ECF-4264-B018-2E141D4EC76E}
	EndGlobalSection
EndGlobal
